{
  "action: remove_modular_gem\nreason: \"The gemspec owns the project's documentation dependency.\"": [
    {
      "file": ".structuredmerge/kettle-jem.yml",
      "lines": [
        112,
        122,
        127
      ]
    }
  ],
  "direct: activerecord-transactionable.gemspec\nmodular: gemfiles/modular/documentation.gemfile": [
    {
      "file": ".structuredmerge/kettle-jem.yml",
      "lines": [
        110,
        120,
        125
      ]
    }
  ],
  "modular: gemfiles/modular/documentation.gemfile\naction: remove_modular_gem": [
    {
      "file": ".structuredmerge/kettle-jem.yml",
      "lines": [
        111,
        121,
        126
      ]
    }
  ]
}
