{
  "gemfiles/modular/templating.gemfile:155879869": [
    [15, 3, 47, "Bundler/DuplicatedGem: Gem `tree_sitter_language_pack` requirements already given on line 11 of the Gemfile.", 3843603197]
  ],
  "spec/activerecord/transactionable_spec.rb:2911504454": [
    [6, 11, 28, "RSpec/ContextWording: Context description should match /^when\\b/, /^with\\b/, or /^without\\b/.", 4065370886],
    [16, 37, 2, "RSpec/BeEq: Prefer `be` over `eq`.", 5860785],
    [96, 11, 28, "RSpec/ContextWording: Context description should match /^when\\b/, /^with\\b/, or /^without\\b/.", 948841545],
    [117, 37, 2, "RSpec/BeEq: Prefer `be` over `eq`.", 5860785],
    [127, 11, 33, "RSpec/ContextWording: Context description should match /^when\\b/, /^with\\b/, or /^without\\b/.", 981636291],
    [220, 11, 35, "RSpec/ContextWording: Context description should match /^when\\b/, /^with\\b/, or /^without\\b/.", 1604156303],
    [230, 15, 16, "RSpec/ContextWording: Context description should match /^when\\b/, /^with\\b/, or /^without\\b/.", 3947873018],
    [301, 17, 12, "RSpec/ContextWording: Context description should match /^when\\b/, /^with\\b/, or /^without\\b/.", 3386309265],
    [339, 17, 20, "RSpec/ContextWording: Context description should match /^when\\b/, /^with\\b/, or /^without\\b/.", 3278105371],
    [377, 17, 11, "RSpec/ContextWording: Context description should match /^when\\b/, /^with\\b/, or /^without\\b/.", 2822593943],
    [378, 19, 12, "RSpec/ContextWording: Context description should match /^when\\b/, /^with\\b/, or /^without\\b/.", 1406026333],
    [458, 19, 8, "RSpec/ContextWording: Context description should match /^when\\b/, /^with\\b/, or /^without\\b/.", 3640425704],
    [459, 21, 13, "RSpec/ContextWording: Context description should match /^when\\b/, /^with\\b/, or /^without\\b/.", 345482290],
    [529, 21, 13, "RSpec/ContextWording: Context description should match /^when\\b/, /^with\\b/, or /^without\\b/.", 240891317],
    [591, 17, 19, "RSpec/ContextWording: Context description should match /^when\\b/, /^with\\b/, or /^without\\b/.", 715593693],
    [592, 19, 12, "RSpec/ContextWording: Context description should match /^when\\b/, /^with\\b/, or /^without\\b/.", 1406026333],
    [678, 19, 8, "RSpec/ContextWording: Context description should match /^when\\b/, /^with\\b/, or /^without\\b/.", 3640425704],
    [679, 21, 13, "RSpec/ContextWording: Context description should match /^when\\b/, /^with\\b/, or /^without\\b/.", 240891317],
    [739, 21, 13, "RSpec/ContextWording: Context description should match /^when\\b/, /^with\\b/, or /^without\\b/.", 345482290],
    [812, 15, 13, "RSpec/ContextWording: Context description should match /^when\\b/, /^with\\b/, or /^without\\b/.", 1190649021],
    [920, 17, 20, "RSpec/ContextWording: Context description should match /^when\\b/, /^with\\b/, or /^without\\b/.", 2853302950],
    [974, 17, 12, "RSpec/ContextWording: Context description should match /^when\\b/, /^with\\b/, or /^without\\b/.", 3386309265],
    [1016, 17, 20, "RSpec/ContextWording: Context description should match /^when\\b/, /^with\\b/, or /^without\\b/.", 3278105371],
    [1058, 17, 11, "RSpec/ContextWording: Context description should match /^when\\b/, /^with\\b/, or /^without\\b/.", 2822593943],
    [1059, 19, 12, "RSpec/ContextWording: Context description should match /^when\\b/, /^with\\b/, or /^without\\b/.", 1406026333],
    [1091, 19, 8, "RSpec/ContextWording: Context description should match /^when\\b/, /^with\\b/, or /^without\\b/.", 3640425704],
    [1092, 21, 13, "RSpec/ContextWording: Context description should match /^when\\b/, /^with\\b/, or /^without\\b/.", 345482290],
    [1126, 21, 13, "RSpec/ContextWording: Context description should match /^when\\b/, /^with\\b/, or /^without\\b/.", 240891317],
    [1156, 17, 19, "RSpec/ContextWording: Context description should match /^when\\b/, /^with\\b/, or /^without\\b/.", 715593693],
    [1157, 19, 12, "RSpec/ContextWording: Context description should match /^when\\b/, /^with\\b/, or /^without\\b/.", 1406026333],
    [1195, 19, 8, "RSpec/ContextWording: Context description should match /^when\\b/, /^with\\b/, or /^without\\b/.", 3640425704],
    [1196, 21, 13, "RSpec/ContextWording: Context description should match /^when\\b/, /^with\\b/, or /^without\\b/.", 240891317],
    [1224, 21, 13, "RSpec/ContextWording: Context description should match /^when\\b/, /^with\\b/, or /^without\\b/.", 345482290],
    [1260, 17, 23, "RSpec/ContextWording: Context description should match /^when\\b/, /^with\\b/, or /^without\\b/.", 659238083],
    [1297, 19, 44, "RSpec/ContextWording: Context description should match /^when\\b/, /^with\\b/, or /^without\\b/.", 452861205],
    [1306, 19, 27, "RSpec/ContextWording: Context description should match /^when\\b/, /^with\\b/, or /^without\\b/.", 4057671621],
    [1314, 19, 27, "RSpec/ContextWording: Context description should match /^when\\b/, /^with\\b/, or /^without\\b/.", 1304293231],
    [1326, 19, 19, "RSpec/ContextWording: Context description should match /^when\\b/, /^with\\b/, or /^without\\b/.", 715593693],
    [1327, 21, 12, "RSpec/ContextWording: Context description should match /^when\\b/, /^with\\b/, or /^without\\b/.", 1406026333],
    [1364, 23, 44, "RSpec/ContextWording: Context description should match /^when\\b/, /^with\\b/, or /^without\\b/.", 452861205]
  ],
  "spec/spec_helper.rb:1310158945": [
    [14, 3, 32, "RSpec/Output: Do not write to stdout in specs.", 3988782550]
  ],
  "spec/support/plain_vanilla_ice_cream.rb:2555765475": [
    [3, 5, 30, "ThreadSafety/ClassAndModuleAttributes: Avoid mutating class and module attributes.", 2826428486]
  ]
}
